
Microsoft Visual Studio Solution File, Format Version 12.00
# Visual Studio Version 17
VisualStudioVersion = 17.4.33213.308
MinimumVisualStudioVersion = 10.0.40219.1
Project("{FAE04EC0-301F-11D3-BF4B-00C04F79EFBC}") = "Calculator", "Calculator\Calculator.csproj", "{9BB413DA-9FE5-456F-AFAB-A985A90C8839}"
EndProject
Global
	GlobalSection(SolutionConfigurationPlatforms) = preSolution
		Debug|Any CPU = Debug|Any CPU
		Release|Any CPU = Release|Any CPU
	EndGlobalSection
	GlobalSection(ProjectConfigurationPlatforms) = postSolution
		{9BB413DA-9FE5-456F-AFAB-A985A90C8839}.Debug|Any CPU.ActiveCfg = Debug|Any CPU
		{9BB413DA-9FE5-456F-AFAB-A985A90C8839}.Debug|Any CPU.Build.0 = Debug|Any CPU
		{9BB413DA-9FE5-456F-AFAB-A985A90C8839}.Release|Any CPU.ActiveCfg = Release|Any CPU
		{9BB413DA-9FE5-456F-AFAB-A985A90C8839}.Release|Any CPU.Build.0 = Release|Any CPU
	EndGlobalSection
	GlobalSection(SolutionProperties) = preSolution
		HideSolutionNode = FALSE
	EndGlobalSection
	GlobalSection(ExtensibilityGlobals) = postSolution
		SolutionGuid = {04B3B5CF-AC0C-487C-9113-17E8990BD8E7}
	EndGlobalSection
EndGlobal
